
Microsoft Visual Studio Solution File, Format Version 12.00
# Visual Studio 15
VisualStudioVersion = 15.0.27703.2018
MinimumVisualStudioVersion = 10.0.40219.1
Project("{9A19103F-16F7-4668-BE54-9A1E7A4F7556}") = "GenericHostDemo", "GenericHostDemo\GenericHostDemo.csproj", "{EE2234A4-A427-4F07-AD2D-664163BDEC76}"
EndProject
Project("{2150E333-8FDC-42A3-9474-1A3956D46DE8}") = "TestRabbitMQ", "TestRabbitMQ", "{1FC370DC-B32E-46BB-B062-A866CBE14EE1}"
EndProject
Project("{FAE04EC0-301F-11D3-BF4B-00C04F79EFBC}") = "TestRabbitMQ.Publisher", "TestRabbitMQ.Publisher\TestRabbitMQ.Publisher.csproj", "{52AB0D8D-7A4D-49CB-ACED-AC9B45404B67}"
EndProject
Project("{FAE04EC0-301F-11D3-BF4B-00C04F79EFBC}") = "TestRabbitMQ.Message", "TestRabbitMQ.Message\TestRabbitMQ.Message.csproj", "{3A29CE70-B3E8-4771-B084-CC5F9669A1FB}"
EndProject
Global
	GlobalSection(SolutionConfigurationPlatforms) = preSolution
		Debug|Any CPU = Debug|Any CPU
		Release|Any CPU = Release|Any CPU
	EndGlobalSection
	GlobalSection(ProjectConfigurationPlatforms) = postSolution
		{EE2234A4-A427-4F07-AD2D-664163BDEC76}.Debug|Any CPU.ActiveCfg = Debug|Any CPU
		{EE2234A4-A427-4F07-AD2D-664163BDEC76}.Debug|Any CPU.Build.0 = Debug|Any CPU
		{EE2234A4-A427-4F07-AD2D-664163BDEC76}.Release|Any CPU.ActiveCfg = Release|Any CPU
		{EE2234A4-A427-4F07-AD2D-664163BDEC76}.Release|Any CPU.Build.0 = Release|Any CPU
		{52AB0D8D-7A4D-49CB-ACED-AC9B45404B67}.Debug|Any CPU.ActiveCfg = Debug|Any CPU
		{52AB0D8D-7A4D-49CB-ACED-AC9B45404B67}.Debug|Any CPU.Build.0 = Debug|Any CPU
		{52AB0D8D-7A4D-49CB-ACED-AC9B45404B67}.Release|Any CPU.ActiveCfg = Release|Any CPU
		{52AB0D8D-7A4D-49CB-ACED-AC9B45404B67}.Release|Any CPU.Build.0 = Release|Any CPU
		{3A29CE70-B3E8-4771-B084-CC5F9669A1FB}.Debug|Any CPU.ActiveCfg = Debug|Any CPU
		{3A29CE70-B3E8-4771-B084-CC5F9669A1FB}.Debug|Any CPU.Build.0 = Debug|Any CPU
		{3A29CE70-B3E8-4771-B084-CC5F9669A1FB}.Release|Any CPU.ActiveCfg = Release|Any CPU
		{3A29CE70-B3E8-4771-B084-CC5F9669A1FB}.Release|Any CPU.Build.0 = Release|Any CPU
	EndGlobalSection
	GlobalSection(SolutionProperties) = preSolution
		HideSolutionNode = FALSE
	EndGlobalSection
	GlobalSection(NestedProjects) = preSolution
		{52AB0D8D-7A4D-49CB-ACED-AC9B45404B67} = {1FC370DC-B32E-46BB-B062-A866CBE14EE1}
		{3A29CE70-B3E8-4771-B084-CC5F9669A1FB} = {1FC370DC-B32E-46BB-B062-A866CBE14EE1}
	EndGlobalSection
	GlobalSection(ExtensibilityGlobals) = postSolution
		SolutionGuid = {641A2A4B-1041-4776-8D01-FB35A072A8E7}
	EndGlobalSection
EndGlobal
