
Microsoft Visual Studio Solution File, Format Version 12.00
# Visual Studio 15
VisualStudioVersion = 15.0.27703.2018
MinimumVisualStudioVersion = 10.0.40219.1
Project("{FAE04EC0-301F-11D3-BF4B-00C04F79EFBC}") = "SecurityDemo.Authentication.JWT", "SecurityDemo.Authentication.JWT\SecurityDemo.Authentication.JWT.csproj", "{C11BFB39-0D89-42C4-BEC2-1093BC5D814F}"
EndProject
Global
	GlobalSection(SolutionConfigurationPlatforms) = preSolution
		Debug|Any CPU = Debug|Any CPU
		Release|Any CPU = Release|Any CPU
	EndGlobalSection
	GlobalSection(ProjectConfigurationPlatforms) = postSolution
		{C11BFB39-0D89-42C4-BEC2-1093BC5D814F}.Debug|Any CPU.ActiveCfg = Debug|Any CPU
		{C11BFB39-0D89-42C4-BEC2-1093BC5D814F}.Debug|Any CPU.Build.0 = Debug|Any CPU
		{C11BFB39-0D89-42C4-BEC2-1093BC5D814F}.Release|Any CPU.ActiveCfg = Release|Any CPU
		{C11BFB39-0D89-42C4-BEC2-1093BC5D814F}.Release|Any CPU.Build.0 = Release|Any CPU
	EndGlobalSection
	GlobalSection(SolutionProperties) = preSolution
		HideSolutionNode = FALSE
	EndGlobalSection
	GlobalSection(ExtensibilityGlobals) = postSolution
		SolutionGuid = {6BC7AD13-09EA-4C9B-B59D-B13E25CB4D5D}
	EndGlobalSection
EndGlobal
