
Microsoft Visual Studio Solution File, Format Version 12.00
# Visual Studio 15
VisualStudioVersion = 15.0.27703.2018
MinimumVisualStudioVersion = 10.0.40219.1
Project("{9A19103F-16F7-4668-BE54-9A1E7A4F7556}") = "ORMDemo.Dapper", "ORMDemo.Dapper\ORMDemo.Dapper.csproj", "{268B0E38-3E21-46D7-8E77-81204D1FDE22}"
EndProject
Project("{FAE04EC0-301F-11D3-BF4B-00C04F79EFBC}") = "ORMDemo.Dapper.Test", "ORMDemo.Dapper.Test\ORMDemo.Dapper.Test.csproj", "{441FCA41-1F42-488D-8908-4327CE7BF4E6}"
EndProject
Global
	GlobalSection(SolutionConfigurationPlatforms) = preSolution
		Debug|Any CPU = Debug|Any CPU
		Release|Any CPU = Release|Any CPU
	EndGlobalSection
	GlobalSection(ProjectConfigurationPlatforms) = postSolution
		{268B0E38-3E21-46D7-8E77-81204D1FDE22}.Debug|Any CPU.ActiveCfg = Debug|Any CPU
		{268B0E38-3E21-46D7-8E77-81204D1FDE22}.Debug|Any CPU.Build.0 = Debug|Any CPU
		{268B0E38-3E21-46D7-8E77-81204D1FDE22}.Release|Any CPU.ActiveCfg = Release|Any CPU
		{268B0E38-3E21-46D7-8E77-81204D1FDE22}.Release|Any CPU.Build.0 = Release|Any CPU
		{441FCA41-1F42-488D-8908-4327CE7BF4E6}.Debug|Any CPU.ActiveCfg = Debug|Any CPU
		{441FCA41-1F42-488D-8908-4327CE7BF4E6}.Debug|Any CPU.Build.0 = Debug|Any CPU
		{441FCA41-1F42-488D-8908-4327CE7BF4E6}.Release|Any CPU.ActiveCfg = Release|Any CPU
		{441FCA41-1F42-488D-8908-4327CE7BF4E6}.Release|Any CPU.Build.0 = Release|Any CPU
	EndGlobalSection
	GlobalSection(SolutionProperties) = preSolution
		HideSolutionNode = FALSE
	EndGlobalSection
	GlobalSection(ExtensibilityGlobals) = postSolution
		SolutionGuid = {ADC34436-788A-49E0-93D7-917F25291D11}
	EndGlobalSection
EndGlobal
