
Microsoft Visual Studio Solution File, Format Version 12.00
# Visual Studio 15
VisualStudioVersion = 15.0.27703.2018
MinimumVisualStudioVersion = 10.0.40219.1
Project("{FAE04EC0-301F-11D3-BF4B-00C04F79EFBC}") = "TestConfigration", "TestConfigration\TestConfigration.csproj", "{5F283123-CFF0-495D-8A60-4531E3DDBA08}"
EndProject
Global
	GlobalSection(SolutionConfigurationPlatforms) = preSolution
		Debug|Any CPU = Debug|Any CPU
		Release|Any CPU = Release|Any CPU
	EndGlobalSection
	GlobalSection(ProjectConfigurationPlatforms) = postSolution
		{5F283123-CFF0-495D-8A60-4531E3DDBA08}.Debug|Any CPU.ActiveCfg = Debug|Any CPU
		{5F283123-CFF0-495D-8A60-4531E3DDBA08}.Debug|Any CPU.Build.0 = Debug|Any CPU
		{5F283123-CFF0-495D-8A60-4531E3DDBA08}.Release|Any CPU.ActiveCfg = Release|Any CPU
		{5F283123-CFF0-495D-8A60-4531E3DDBA08}.Release|Any CPU.Build.0 = Release|Any CPU
	EndGlobalSection
	GlobalSection(SolutionProperties) = preSolution
		HideSolutionNode = FALSE
	EndGlobalSection
	GlobalSection(ExtensibilityGlobals) = postSolution
		SolutionGuid = {EE67116E-45EA-4B3C-B4F9-1C125DE64151}
	EndGlobalSection
EndGlobal
